
Microsoft Visual Studio Solution File, Format Version 12.00
# Visual Studio 14
VisualStudioVersion = 14.0.25420.1
MinimumVisualStudioVersion = 10.0.40219.1
Project("{FAE04EC0-301F-11D3-BF4B-00C04F79EFBC}") = "AMS", "AMS\AMS.csproj", "{2AA09BDF-2E66-4871-9D8A-2323CA4B92C9}"
EndProject
Project("{FAE04EC0-301F-11D3-BF4B-00C04F79EFBC}") = "DataAccessLayer", "DataAccessLayer\DataAccessLayer.csproj", "{9FD38A86-F6BA-474D-83E9-090C61799277}"
EndProject
Global
	GlobalSection(SolutionConfigurationPlatforms) = preSolution
		Debug|Any CPU = Debug|Any CPU
		Release|Any CPU = Release|Any CPU
	EndGlobalSection
	GlobalSection(ProjectConfigurationPlatforms) = postSolution
		{2AA09BDF-2E66-4871-9D8A-2323CA4B92C9}.Debug|Any CPU.ActiveCfg = Debug|Any CPU
		{2AA09BDF-2E66-4871-9D8A-2323CA4B92C9}.Debug|Any CPU.Build.0 = Debug|Any CPU
		{2AA09BDF-2E66-4871-9D8A-2323CA4B92C9}.Release|Any CPU.ActiveCfg = Release|Any CPU
		{2AA09BDF-2E66-4871-9D8A-2323CA4B92C9}.Release|Any CPU.Build.0 = Release|Any CPU
		{9FD38A86-F6BA-474D-83E9-090C61799277}.Debug|Any CPU.ActiveCfg = Debug|Any CPU
		{9FD38A86-F6BA-474D-83E9-090C61799277}.Debug|Any CPU.Build.0 = Debug|Any CPU
		{9FD38A86-F6BA-474D-83E9-090C61799277}.Release|Any CPU.ActiveCfg = Release|Any CPU
		{9FD38A86-F6BA-474D-83E9-090C61799277}.Release|Any CPU.Build.0 = Release|Any CPU
	EndGlobalSection
	GlobalSection(SolutionProperties) = preSolution
		HideSolutionNode = FALSE
	EndGlobalSection
EndGlobal
